{
  "version": "5",
  "specifiers": {
    "jsr:@std/async@*": "1.0.15",
    "jsr:@std/async@^1.0.16": "1.0.16"
  },
  "jsr": {
    "@std/async@1.0.15": {
      "integrity": "55d1d9d04f99403fe5730ab16bdcc3c47f658a6bf054cafb38a50f046238116e"
    },
    "@std/async@1.0.16": {
      "integrity": "6c9e43035313b67b5de43e2b3ee3eadb39a488a0a0a3143097f112e025d3ee9a"
    }
  },
  "workspace": {
    "dependencies": [
      "jsr:@std/async@^1.0.16"
    ]
  }
}
